Microsoft Visual Studio Solution File, Format Version 12.00
# Visual Studio 15
Project("{8BC9CEB8-8B4A-11D0-8D11-00A0C91BC942}") = "ALL_BUILD", "ALL_BUILD.vcxproj", "{144103DC-EB73-39A6-9E71-C0B53C5D8B71}"
	ProjectSection(ProjectDependencies) = postProject
		{5CFB57DE-BCAE-3331-B298-B7E7B5EF179F} = {5CFB57DE-BCAE-3331-B298-B7E7B5EF179F}
		{C5D37D32-517E-3464-A9C9-CD0BF0D10CFA} = {C5D37D32-517E-3464-A9C9-CD0BF0D10CFA}
	EndProjectSection
EndProject
Project("{8BC9CEB8-8B4A-11D0-8D11-00A0C91BC942}") = "TeamWater", "TeamWater.vcxproj", "{5CFB57DE-BCAE-3331-B298-B7E7B5EF179F}"
	ProjectSection(ProjectDependencies) = postProject
		{C5D37D32-517E-3464-A9C9-CD0BF0D10CFA} = {C5D37D32-517E-3464-A9C9-CD0BF0D10CFA}
	EndProjectSection
EndProject
Project("{8BC9CEB8-8B4A-11D0-8D11-00A0C91BC942}") = "ZERO_CHECK", "ZERO_CHECK.vcxproj", "{C5D37D32-517E-3464-A9C9-CD0BF0D10CFA}"
	ProjectSection(ProjectDependencies) = postProject
	EndProjectSection
EndProject
Global
	GlobalSection(SolutionConfigurationPlatforms) = preSolution
		Debug|x64 = Debug|x64
		Release|x64 = Release|x64
		MinSizeRel|x64 = MinSizeRel|x64
		RelWithDebInfo|x64 = RelWithDebInfo|x64
	EndGlobalSection
	GlobalSection(ProjectConfigurationPlatforms) = postSolution
		{144103DC-EB73-39A6-9E71-C0B53C5D8B71}.Debug|x64.ActiveCfg = Debug|x64
		{144103DC-EB73-39A6-9E71-C0B53C5D8B71}.Release|x64.ActiveCfg = Release|x64
		{144103DC-EB73-39A6-9E71-C0B53C5D8B71}.MinSizeRel|x64.ActiveCfg = MinSizeRel|x64
		{144103DC-EB73-39A6-9E71-C0B53C5D8B71}.RelWithDebInfo|x64.ActiveCfg = RelWithDebInfo|x64
		{5CFB57DE-BCAE-3331-B298-B7E7B5EF179F}.Debug|x64.ActiveCfg = Debug|x64
		{5CFB57DE-BCAE-3331-B298-B7E7B5EF179F}.Debug|x64.Build.0 = Debug|x64
		{5CFB57DE-BCAE-3331-B298-B7E7B5EF179F}.Release|x64.ActiveCfg = Release|x64
		{5CFB57DE-BCAE-3331-B298-B7E7B5EF179F}.Release|x64.Build.0 = Release|x64
		{5CFB57DE-BCAE-3331-B298-B7E7B5EF179F}.MinSizeRel|x64.ActiveCfg = MinSizeRel|x64
		{5CFB57DE-BCAE-3331-B298-B7E7B5EF179F}.MinSizeRel|x64.Build.0 = MinSizeRel|x64
		{5CFB57DE-BCAE-3331-B298-B7E7B5EF179F}.RelWithDebInfo|x64.ActiveCfg = RelWithDebInfo|x64
		{5CFB57DE-BCAE-3331-B298-B7E7B5EF179F}.RelWithDebInfo|x64.Build.0 = RelWithDebInfo|x64
		{C5D37D32-517E-3464-A9C9-CD0BF0D10CFA}.Debug|x64.ActiveCfg = Debug|x64
		{C5D37D32-517E-3464-A9C9-CD0BF0D10CFA}.Debug|x64.Build.0 = Debug|x64
		{C5D37D32-517E-3464-A9C9-CD0BF0D10CFA}.Release|x64.ActiveCfg = Release|x64
		{C5D37D32-517E-3464-A9C9-CD0BF0D10CFA}.Release|x64.Build.0 = Release|x64
		{C5D37D32-517E-3464-A9C9-CD0BF0D10CFA}.MinSizeRel|x64.ActiveCfg = MinSizeRel|x64
		{C5D37D32-517E-3464-A9C9-CD0BF0D10CFA}.MinSizeRel|x64.Build.0 = MinSizeRel|x64
		{C5D37D32-517E-3464-A9C9-CD0BF0D10CFA}.RelWithDebInfo|x64.ActiveCfg = RelWithDebInfo|x64
		{C5D37D32-517E-3464-A9C9-CD0BF0D10CFA}.RelWithDebInfo|x64.Build.0 = RelWithDebInfo|x64
	EndGlobalSection
	GlobalSection(ExtensibilityGlobals) = postSolution
		SolutionGuid = {99B9B115-4AD8-388C-92D2-508828D13028}
	EndGlobalSection
	GlobalSection(ExtensibilityAddIns) = postSolution
	EndGlobalSection
EndGlobal
